
Microsoft Visual Studio Solution File, Format Version 12.00
# Visual Studio Version 17
VisualStudioVersion = 17.7.34024.191
MinimumVisualStudioVersion = 10.0.40219.1
Project("{9A19103F-16F7-4668-BE54-9A1E7A4F7556}") = "webapp", "webapp\webapp.csproj", "{0272BC70-C9A1-4A18-B23D-BD15B9600D90}"
EndProject
Global
	GlobalSection(SolutionConfigurationPlatforms) = preSolution
		Debug|Any CPU = Debug|Any CPU
		Release|Any CPU = Release|Any CPU
	EndGlobalSection
	GlobalSection(ProjectConfigurationPlatforms) = postSolution
		{0272BC70-C9A1-4A18-B23D-BD15B9600D90}.Debug|Any CPU.ActiveCfg = Debug|Any CPU
		{0272BC70-C9A1-4A18-B23D-BD15B9600D90}.Debug|Any CPU.Build.0 = Debug|Any CPU
		{0272BC70-C9A1-4A18-B23D-BD15B9600D90}.Release|Any CPU.ActiveCfg = Release|Any CPU
		{0272BC70-C9A1-4A18-B23D-BD15B9600D90}.Release|Any CPU.Build.0 = Release|Any CPU
	EndGlobalSection
	GlobalSection(SolutionProperties) = preSolution
		HideSolutionNode = FALSE
	EndGlobalSection
	GlobalSection(ExtensibilityGlobals) = postSolution
		SolutionGuid = {B9BEFF76-FD35-4412-81F7-CEC61A093B11}
	EndGlobalSection
EndGlobal
